
Microsoft Visual Studio Solution File, Format Version 12.00
# Visual Studio Version 17
VisualStudioVersion = 17.6.33829.357
MinimumVisualStudioVersion = 10.0.40219.1
Project("{FAE04EC0-301F-11D3-BF4B-00C04F79EFBC}") = "ElonsAdventure", "ElonsAdventure\ElonsAdventure.csproj", "{DA95E85D-DF73-4A6D-AACC-127F02290103}"
EndProject
Global
	GlobalSection(SolutionConfigurationPlatforms) = preSolution
		Debug|Any CPU = Debug|Any CPU
		Release|Any CPU = Release|Any CPU
	EndGlobalSection
	GlobalSection(ProjectConfigurationPlatforms) = postSolution
		{DA95E85D-DF73-4A6D-AACC-127F02290103}.Debug|Any CPU.ActiveCfg = Debug|Any CPU
		{DA95E85D-DF73-4A6D-AACC-127F02290103}.Debug|Any CPU.Build.0 = Debug|Any CPU
		{DA95E85D-DF73-4A6D-AACC-127F02290103}.Release|Any CPU.ActiveCfg = Release|Any CPU
		{DA95E85D-DF73-4A6D-AACC-127F02290103}.Release|Any CPU.Build.0 = Release|Any CPU
	EndGlobalSection
	GlobalSection(SolutionProperties) = preSolution
		HideSolutionNode = FALSE
	EndGlobalSection
	GlobalSection(ExtensibilityGlobals) = postSolution
		SolutionGuid = {D528D550-ABDB-439B-9442-6E0BF8C6BEEE}
	EndGlobalSection
EndGlobal
